
Microsoft Visual Studio Solution File, Format Version 12.00
# Visual Studio Version 16
VisualStudioVersion = 16.0.30621.155
MinimumVisualStudioVersion = 10.0.40219.1
Project("{FAE04EC0-301F-11D3-BF4B-00C04F79EFBC}") = "Tiksoret", "Tiksoret\Tiksoret.csproj", "{19CD6C66-D900-4607-A81B-2586A2634353}"
EndProject
Global
	GlobalSection(SolutionConfigurationPlatforms) = preSolution
		Debug|Any CPU = Debug|Any CPU
		Release|Any CPU = Release|Any CPU
	EndGlobalSection
	GlobalSection(ProjectConfigurationPlatforms) = postSolution
		{19CD6C66-D900-4607-A81B-2586A2634353}.Debug|Any CPU.ActiveCfg = Debug|Any CPU
		{19CD6C66-D900-4607-A81B-2586A2634353}.Debug|Any CPU.Build.0 = Debug|Any CPU
		{19CD6C66-D900-4607-A81B-2586A2634353}.Release|Any CPU.ActiveCfg = Release|Any CPU
		{19CD6C66-D900-4607-A81B-2586A2634353}.Release|Any CPU.Build.0 = Release|Any CPU
	EndGlobalSection
	GlobalSection(SolutionProperties) = preSolution
		HideSolutionNode = FALSE
	EndGlobalSection
	GlobalSection(ExtensibilityGlobals) = postSolution
		SolutionGuid = {243C3EB5-36AD-4995-B900-DEA908317BC4}
	EndGlobalSection
EndGlobal
